<Solution>
  <Folder Name="/src/">
    <Project Path="src/Ledon.BinaryMapper/Ledon.BinaryMapper.csproj" />
  </Folder>
  <Folder Name="/tests/">
    <Project Path="tests/Ledon.BinaryMapper.Benchmarks/Ledon.BinaryMapper.Benchmarks.csproj" />
    <Project Path="tests/Ledon.BinaryMapper.SmokeTests/Ledon.BinaryMapper.SmokeTests.csproj" />
    <Project Path="tests/Ledon.BinaryMapper.Tests/Ledon.BinaryMapper.Tests.csproj" />
  </Folder>
</Solution>