<Solution>
  <Folder Name="/src/">
    <Project Path="src/Ledon.BinaryMapper.NewtonsoftJson/Ledon.BinaryMapper.NewtonsoftJson.csproj" />
    <Project Path="src/Ledon.BinaryMapper.SystemTextJson/Ledon.BinaryMapper.SystemTextJson.csproj" />
    <Project Path="src/Ledon.BinaryMapper/Ledon.BinaryMapper.csproj" />
  </Folder>
  <Folder Name="/tests/">
    <Project Path="tests/Ledon.BinaryMapper.SmokeTests/Ledon.BinaryMapper.SmokeTests.csproj" />
  </Folder>
</Solution>
